Microsoft Visual Studio Solution File, Format Version 12.00
# Visual Studio 15
VisualStudioVersion = 15.0.27130.2027
MinimumVisualStudioVersion = 15.0.26124.0
Project("{2150E333-8FDC-42A3-9474-1A3956D46DE8}") = "src", "src", "{8C39ED06-37A2-4B52-9BE8-DF9948FF4011}"
EndProject
Project("{9A19103F-16F7-4668-BE54-9A1E7A4F7556}") = "Orders.Core", "src\Orders.Core\Orders.Core.csproj", "{018EBB08-544E-4ADD-89B7-38360AE58090}"
EndProject
Project("{9A19103F-16F7-4668-BE54-9A1E7A4F7556}") = "Orders.Infrastructure", "src\Orders.Infrastructure\Orders.Infrastructure.csproj", "{B63B3EA6-9125-4A55-BE3D-C1C83995D04A}"
EndProject
Project("{9A19103F-16F7-4668-BE54-9A1E7A4F7556}") = "Orders.Api", "src\Orders.Api\Orders.Api.csproj", "{AEADDF26-4AA2-4C3C-B034-D16D790CF69B}"
EndProject
Project("{2150E333-8FDC-42A3-9474-1A3956D46DE8}") = "tests", "tests", "{42E1D875-FC9F-4537-8D88-36BB97037332}"
EndProject
Project("{9A19103F-16F7-4668-BE54-9A1E7A4F7556}") = "Orders.Tests", "tests\Orders.Tests\Orders.Tests.csproj", "{FF5E616C-C521-45F1-BDB6-A3139A0BA0EE}"
EndProject
Project("{9A19103F-16F7-4668-BE54-9A1E7A4F7556}") = "Orders.Tests.EndToEnd", "tests\Orders.Tests.EndToEnd\Orders.Tests.EndToEnd.csproj", "{C92466F2-9F2A-4425-AD01-E847CD8DF572}"
EndProject
Global
	GlobalSection(SolutionConfigurationPlatforms) = preSolution
		Debug|Any CPU = Debug|Any CPU
		Debug|x64 = Debug|x64
		Debug|x86 = Debug|x86
		Release|Any CPU = Release|Any CPU
		Release|x64 = Release|x64
		Release|x86 = Release|x86
	EndGlobalSection
	GlobalSection(ProjectConfigurationPlatforms) = postSolution
		{018EBB08-544E-4ADD-89B7-38360AE58090}.Debug|Any CPU.ActiveCfg = Debug|Any CPU
		{018EBB08-544E-4ADD-89B7-38360AE58090}.Debug|Any CPU.Build.0 = Debug|Any CPU
		{018EBB08-544E-4ADD-89B7-38360AE58090}.Debug|x64.ActiveCfg = Debug|Any CPU
		{018EBB08-544E-4ADD-89B7-38360AE58090}.Debug|x64.Build.0 = Debug|Any CPU
		{018EBB08-544E-4ADD-89B7-38360AE58090}.Debug|x86.ActiveCfg = Debug|Any CPU
		{018EBB08-544E-4ADD-89B7-38360AE58090}.Debug|x86.Build.0 = Debug|Any CPU
		{018EBB08-544E-4ADD-89B7-38360AE58090}.Release|Any CPU.ActiveCfg = Release|Any CPU
		{018EBB08-544E-4ADD-89B7-38360AE58090}.Release|Any CPU.Build.0 = Release|Any CPU
		{018EBB08-544E-4ADD-89B7-38360AE58090}.Release|x64.ActiveCfg = Release|Any CPU
		{018EBB08-544E-4ADD-89B7-38360AE58090}.Release|x64.Build.0 = Release|Any CPU
		{018EBB08-544E-4ADD-89B7-38360AE58090}.Release|x86.ActiveCfg = Release|Any CPU
		{018EBB08-544E-4ADD-89B7-38360AE58090}.Release|x86.Build.0 = Release|Any CPU
		{B63B3EA6-9125-4A55-BE3D-C1C83995D04A}.Debug|Any CPU.ActiveCfg = Debug|Any CPU
		{B63B3EA6-9125-4A55-BE3D-C1C83995D04A}.Debug|Any CPU.Build.0 = Debug|Any CPU
		{B63B3EA6-9125-4A55-BE3D-C1C83995D04A}.Debug|x64.ActiveCfg = Debug|Any CPU
		{B63B3EA6-9125-4A55-BE3D-C1C83995D04A}.Debug|x64.Build.0 = Debug|Any CPU
		{B63B3EA6-9125-4A55-BE3D-C1C83995D04A}.Debug|x86.ActiveCfg = Debug|Any CPU
		{B63B3EA6-9125-4A55-BE3D-C1C83995D04A}.Debug|x86.Build.0 = Debug|Any CPU
		{B63B3EA6-9125-4A55-BE3D-C1C83995D04A}.Release|Any CPU.ActiveCfg = Release|Any CPU
		{B63B3EA6-9125-4A55-BE3D-C1C83995D04A}.Release|Any CPU.Build.0 = Release|Any CPU
		{B63B3EA6-9125-4A55-BE3D-C1C83995D04A}.Release|x64.ActiveCfg = Release|Any CPU
		{B63B3EA6-9125-4A55-BE3D-C1C83995D04A}.Release|x64.Build.0 = Release|Any CPU
		{B63B3EA6-9125-4A55-BE3D-C1C83995D04A}.Release|x86.ActiveCfg = Release|Any CPU
		{B63B3EA6-9125-4A55-BE3D-C1C83995D04A}.Release|x86.Build.0 = Release|Any CPU
		{AEADDF26-4AA2-4C3C-B034-D16D790CF69B}.Debug|Any CPU.ActiveCfg = Debug|Any CPU
		{AEADDF26-4AA2-4C3C-B034-D16D790CF69B}.Debug|Any CPU.Build.0 = Debug|Any CPU
		{AEADDF26-4AA2-4C3C-B034-D16D790CF69B}.Debug|x64.ActiveCfg = Debug|Any CPU
		{AEADDF26-4AA2-4C3C-B034-D16D790CF69B}.Debug|x64.Build.0 = Debug|Any CPU
		{AEADDF26-4AA2-4C3C-B034-D16D790CF69B}.Debug|x86.ActiveCfg = Debug|Any CPU
		{AEADDF26-4AA2-4C3C-B034-D16D790CF69B}.Debug|x86.Build.0 = Debug|Any CPU
		{AEADDF26-4AA2-4C3C-B034-D16D790CF69B}.Release|Any CPU.ActiveCfg = Release|Any CPU
		{AEADDF26-4AA2-4C3C-B034-D16D790CF69B}.Release|Any CPU.Build.0 = Release|Any CPU
		{AEADDF26-4AA2-4C3C-B034-D16D790CF69B}.Release|x64.ActiveCfg = Release|Any CPU
		{AEADDF26-4AA2-4C3C-B034-D16D790CF69B}.Release|x64.Build.0 = Release|Any CPU
		{AEADDF26-4AA2-4C3C-B034-D16D790CF69B}.Release|x86.ActiveCfg = Release|Any CPU
		{AEADDF26-4AA2-4C3C-B034-D16D790CF69B}.Release|x86.Build.0 = Release|Any CPU
		{FF5E616C-C521-45F1-BDB6-A3139A0BA0EE}.Debug|Any CPU.ActiveCfg = Debug|Any CPU
		{FF5E616C-C521-45F1-BDB6-A3139A0BA0EE}.Debug|Any CPU.Build.0 = Debug|Any CPU
		{FF5E616C-C521-45F1-BDB6-A3139A0BA0EE}.Debug|x64.ActiveCfg = Debug|Any CPU
		{FF5E616C-C521-45F1-BDB6-A3139A0BA0EE}.Debug|x64.Build.0 = Debug|Any CPU
		{FF5E616C-C521-45F1-BDB6-A3139A0BA0EE}.Debug|x86.ActiveCfg = Debug|Any CPU
		{FF5E616C-C521-45F1-BDB6-A3139A0BA0EE}.Debug|x86.Build.0 = Debug|Any CPU
		{FF5E616C-C521-45F1-BDB6-A3139A0BA0EE}.Release|Any CPU.ActiveCfg = Release|Any CPU
		{FF5E616C-C521-45F1-BDB6-A3139A0BA0EE}.Release|Any CPU.Build.0 = Release|Any CPU
		{FF5E616C-C521-45F1-BDB6-A3139A0BA0EE}.Release|x64.ActiveCfg = Release|Any CPU
		{FF5E616C-C521-45F1-BDB6-A3139A0BA0EE}.Release|x64.Build.0 = Release|Any CPU
		{FF5E616C-C521-45F1-BDB6-A3139A0BA0EE}.Release|x86.ActiveCfg = Release|Any CPU
		{FF5E616C-C521-45F1-BDB6-A3139A0BA0EE}.Release|x86.Build.0 = Release|Any CPU
		{C92466F2-9F2A-4425-AD01-E847CD8DF572}.Debug|Any CPU.ActiveCfg = Debug|Any CPU
		{C92466F2-9F2A-4425-AD01-E847CD8DF572}.Debug|Any CPU.Build.0 = Debug|Any CPU
		{C92466F2-9F2A-4425-AD01-E847CD8DF572}.Debug|x64.ActiveCfg = Debug|Any CPU
		{C92466F2-9F2A-4425-AD01-E847CD8DF572}.Debug|x64.Build.0 = Debug|Any CPU
		{C92466F2-9F2A-4425-AD01-E847CD8DF572}.Debug|x86.ActiveCfg = Debug|Any CPU
		{C92466F2-9F2A-4425-AD01-E847CD8DF572}.Debug|x86.Build.0 = Debug|Any CPU
		{C92466F2-9F2A-4425-AD01-E847CD8DF572}.Release|Any CPU.ActiveCfg = Release|Any CPU
		{C92466F2-9F2A-4425-AD01-E847CD8DF572}.Release|Any CPU.Build.0 = Release|Any CPU
		{C92466F2-9F2A-4425-AD01-E847CD8DF572}.Release|x64.ActiveCfg = Release|Any CPU
		{C92466F2-9F2A-4425-AD01-E847CD8DF572}.Release|x64.Build.0 = Release|Any CPU
		{C92466F2-9F2A-4425-AD01-E847CD8DF572}.Release|x86.ActiveCfg = Release|Any CPU
		{C92466F2-9F2A-4425-AD01-E847CD8DF572}.Release|x86.Build.0 = Release|Any CPU
	EndGlobalSection
	GlobalSection(SolutionProperties) = preSolution
		HideSolutionNode = FALSE
	EndGlobalSection
	GlobalSection(NestedProjects) = preSolution
		{018EBB08-544E-4ADD-89B7-38360AE58090} = {8C39ED06-37A2-4B52-9BE8-DF9948FF4011}
		{B63B3EA6-9125-4A55-BE3D-C1C83995D04A} = {8C39ED06-37A2-4B52-9BE8-DF9948FF4011}
		{AEADDF26-4AA2-4C3C-B034-D16D790CF69B} = {8C39ED06-37A2-4B52-9BE8-DF9948FF4011}
		{FF5E616C-C521-45F1-BDB6-A3139A0BA0EE} = {42E1D875-FC9F-4537-8D88-36BB97037332}
		{C92466F2-9F2A-4425-AD01-E847CD8DF572} = {42E1D875-FC9F-4537-8D88-36BB97037332}
	EndGlobalSection
	GlobalSection(ExtensibilityGlobals) = postSolution
		SolutionGuid = {EFCCFFB5-DBC4-4D58-B5CE-F33F82F9DDED}
	EndGlobalSection
EndGlobal
